<?xml version="1.0" encoding="utf-8"?>
<Project ToolsVersion="4.0" xmlns="http://schemas.microsoft.com/developer/msbuild/2003">
  <ItemGroup>
    <Filter Include="sources">
      <UniqueIdentifier>{4FC737F1-C7A5-4376-A066-2A32D752A2FF}</UniqueIdentifier>
      <Extensions>cpp;c;cc;cxx;c++;cppm;ixx;def;odl;idl;hpj;bat;asm;asmx</Extensions>
    </Filter>
    <Filter Include="headers">
      <UniqueIdentifier>{93995380-89BD-4b04-88EB-625FBE52EBFB}</UniqueIdentifier>
      <Extensions>h;hh;hpp;hxx;h++;hm;inl;inc;ipp;xsd</Extensions>
    </Filter>
  </ItemGroup>
  <ItemGroup>
    <ClInclude Include="framework.h">
      <Filter>headers</Filter>
    </ClInclude>
    <ClInclude Include="pch.h">
      <Filter>headers</Filter>
    </ClInclude>
    <ClInclude Include="..\includes\multithreadsum.h">
      <Filter>headers</Filter>
    </ClInclude>
    <ClInclude Include="..\includes\singlethreadexecution.h">
      <Filter>headers</Filter>
    </ClInclude>
    <ClInclude Include="..\includes\immutable.h">
      <Filter>headers</Filter>
    </ClInclude>
    <ClInclude Include="..\includes\conditionvariableexample.h">
      <Filter>headers</Filter>
    </ClInclude>
    <ClInclude Include="..\includes\futurepromise.h">
      <Filter>headers</Filter>
    </ClInclude>
    <ClInclude Include="..\includes\producerconsumer.h">
      <Filter>headers</Filter>
    </ClInclude>
    <ClInclude Include="..\includes\basic.h">
      <Filter>headers</Filter>
    </ClInclude>
    <ClInclude Include="..\includes\readlockwritelock.h">
      <Filter>headers</Filter>
    </ClInclude>
    <ClInclude Include="..\includes\balking.h">
      <Filter>headers</Filter>
    </ClInclude>
    <ClInclude Include="..\includes\threadpermessage.h">
      <Filter>headers</Filter>
    </ClInclude>
    <ClInclude Include="..\includes\workerthread.h">
      <Filter>headers</Filter>
    </ClInclude>
    <ClInclude Include="..\includes\twophasetermination.h">
      <Filter>headers</Filter>
    </ClInclude>
    <ClInclude Include="..\includes\threadspecificstorage.h">
      <Filter>headers</Filter>
    </ClInclude>
    <ClInclude Include="..\includes\activeobject.h">
      <Filter>headers</Filter>
    </ClInclude>
    <ClInclude Include="..\includes\doublecheckedlocking.h">
      <Filter>headers</Filter>
    </ClInclude>
    <ClInclude Include="..\includes\guardedsuspension.h">
      <Filter>headers</Filter>
    </ClInclude>
    <ClInclude Include="..\includes\halfsynchalfasync.h">
      <Filter>headers</Filter>
    </ClInclude>
    <ClInclude Include="..\includes\leaderfollower.h">
      <Filter>headers</Filter>
    </ClInclude>
    <ClInclude Include="..\includes\monitorobject.h">
      <Filter>headers</Filter>
    </ClInclude>
    <ClInclude Include="..\includes\reactor.h">
      <Filter>headers</Filter>
    </ClInclude>
    <ClInclude Include="..\includes\readerwriter.h">
      <Filter>headers</Filter>
    </ClInclude>
    <ClInclude Include="..\includes\barrier.h">
      <Filter>headers</Filter>
    </ClInclude>
    <ClInclude Include="..\includes\threadpool.h">
      <Filter>headers</Filter>
    </ClInclude>
  </ItemGroup>
  <ItemGroup>
    <ClCompile Include="multithreadsum.cpp">
      <Filter>sources</Filter>
    </ClCompile>
    <ClCompile Include="pch.cpp">
      <Filter>sources</Filter>
    </ClCompile>
    <ClCompile Include="singlethreadexecution.cpp">
      <Filter>sources</Filter>
    </ClCompile>
    <ClCompile Include="immutable.cpp">
      <Filter>sources</Filter>
    </ClCompile>
    <ClCompile Include="conditionvariableexample.cpp">
      <Filter>sources</Filter>
    </ClCompile>
    <ClCompile Include="futurepromise.cpp">
      <Filter>sources</Filter>
    </ClCompile>
    <ClCompile Include="balking.cpp">
      <Filter>sources</Filter>
    </ClCompile>
    <ClCompile Include="producerconsumer.cpp">
      <Filter>sources</Filter>
    </ClCompile>
    <ClCompile Include="basic.cpp">
      <Filter>sources</Filter>
    </ClCompile>
    <ClCompile Include="readlockwritelock.cpp">
      <Filter>sources</Filter>
    </ClCompile>
    <ClCompile Include="threadpermessage.cpp">
      <Filter>sources</Filter>
    </ClCompile>
    <ClCompile Include="workerthread.cpp">
      <Filter>sources</Filter>
    </ClCompile>
    <ClCompile Include="twophasetermination.cpp">
      <Filter>sources</Filter>
    </ClCompile>
    <ClCompile Include="activeobject.cpp">
      <Filter>sources</Filter>
    </ClCompile>
    <ClCompile Include="doublecheckedlocking.cpp">
      <Filter>sources</Filter>
    </ClCompile>
    <ClCompile Include="threadspecificstorage.cpp">
      <Filter>sources</Filter>
    </ClCompile>
    <ClCompile Include="guardedsuspension.cpp">
      <Filter>sources</Filter>
    </ClCompile>
    <ClCompile Include="halfsynchalfasync.cpp">
      <Filter>sources</Filter>
    </ClCompile>
    <ClCompile Include="leaderfollower.cpp">
      <Filter>sources</Filter>
    </ClCompile>
    <ClCompile Include="monitorobject.cpp">
      <Filter>sources</Filter>
    </ClCompile>
    <ClCompile Include="reactor.cpp">
      <Filter>sources</Filter>
    </ClCompile>
    <ClCompile Include="readerwriter.cpp">
      <Filter>sources</Filter>
    </ClCompile>
    <ClCompile Include="barrier.cpp">
      <Filter>sources</Filter>
    </ClCompile>
    <ClCompile Include="threadpool.cpp">
      <Filter>sources</Filter>
    </ClCompile>
  </ItemGroup>
</Project>