<?xml version="1.0" encoding="utf-8"?>
<Project ToolsVersion="4.0" xmlns="http://schemas.microsoft.com/developer/msbuild/2003">
  <ItemGroup>
    <ClCompile Include="tests.cpp" />
    <ClCompile Include="pch.cpp" />
    <ClCompile Include="tests_crtp.cpp" />
    <ClCompile Include="tests_general.cpp" />
    <ClCompile Include="tests_mthread.cpp" />
    <ClCompile Include="tests_sthread.cpp" />
    <ClCompile Include="tests_zenn.cpp" />
    <ClCompile Include="..\mthread\tests_activeobject.cpp">
      <Filter>sources</Filter>
    </ClCompile>
    <ClCompile Include="..\mthread\tests_threadpool.cpp">
      <Filter>sources</Filter>
    </ClCompile>
    <ClCompile Include="..\mthread\tests_jobobject.cpp">
      <Filter>sources</Filter>
    </ClCompile>
    <ClCompile Include="..\mthread\tests_producerconsumer.cpp">
      <Filter>sources</Filter>
    </ClCompile>
    <ClCompile Include="..\plugins\plugin1\tests_plugin1.cpp">
      <Filter>sources</Filter>
    </ClCompile>
    <ClCompile Include="..\general\tests_pluginmanager.cpp">
      <Filter>sources</Filter>
    </ClCompile>
  </ItemGroup>
  <ItemGroup>
    <ClInclude Include="pch.h" />
    <ClInclude Include="..\includes\tests_activeobject.h">
      <Filter>headers</Filter>
    </ClInclude>
    <ClInclude Include="..\includes\tests.h">
      <Filter>headers</Filter>
    </ClInclude>
    <ClInclude Include="..\includes\tests_threadpool.h">
      <Filter>headers</Filter>
    </ClInclude>
    <ClInclude Include="..\includes\tests_jobobject.h">
      <Filter>headers</Filter>
    </ClInclude>
    <ClInclude Include="..\includes\tests_producerconsumer.h">
      <Filter>headers</Filter>
    </ClInclude>
    <ClInclude Include="..\includes\tests_plugins.h">
      <Filter>headers</Filter>
    </ClInclude>
    <ClInclude Include="..\includes\tests_pluginmanager.h">
      <Filter>headers</Filter>
    </ClInclude>
  </ItemGroup>
  <ItemGroup>
    <None Include="packages.config" />
    <None Include="emptyprocess.bat" />
  </ItemGroup>
  <ItemGroup>
    <Filter Include="headers">
      <UniqueIdentifier>{4f8f1c41-b8cd-444a-8c81-dd4286306708}</UniqueIdentifier>
    </Filter>
    <Filter Include="sources">
      <UniqueIdentifier>{20249b7d-bf98-4bfc-aeae-1ab22b85f54a}</UniqueIdentifier>
    </Filter>
  </ItemGroup>
</Project>